# This file is automatically @generated by Cargo.
# It is not intended for manual editing.
[[package]]
name = "debug-logstash"
version = "0.1.0"
dependencies = [
 "log_buffer 1.2.0 (registry+https://github.com/rust-lang/crates.io-index)",
]

[[package]]
name = "log_buffer"
version = "1.2.0"
source = "registry+https://github.com/rust-lang/crates.io-index"

[metadata]
"checksum log_buffer 1.2.0 (registry+https://github.com/rust-lang/crates.io-index)" = "f033173c9486b7fe97a79c895c0a3483ae395ab6744c985d10078950e2492419"
